
Microsoft Visual Studio Solution File, Format Version 12.00
# Visual Studio 2013
VisualStudioVersion = 12.0.31101.0
MinimumVisualStudioVersion = 10.0.40219.1
Project("{8BC9CEB8-8B4A-11D0-8D11-00A0C91BC942}") = "DTWAINJNI", "DTWAINJNI.vcxproj", "{5E81073C-53DD-4684-96A4-60E2E3027100}"
EndProject
Global
	GlobalSection(SolutionConfigurationPlatforms) = preSolution
		Debug|x64 = Debug|x64
		Debug|x86 = Debug|x86
		DebugU|x64 = DebugU|x64
		DebugU|x86 = DebugU|x86
		Release|x64 = Release|x64
		Release|x86 = Release|x86
		ReleaseU|x64 = ReleaseU|x64
		ReleaseU|x86 = ReleaseU|x86
	EndGlobalSection
	GlobalSection(ProjectConfigurationPlatforms) = postSolution
		{5E81073C-53DD-4684-96A4-60E2E3027100}.Debug|x64.ActiveCfg = Debug|x64
		{5E81073C-53DD-4684-96A4-60E2E3027100}.Debug|x64.Build.0 = Debug|x64
		{5E81073C-53DD-4684-96A4-60E2E3027100}.Debug|x86.ActiveCfg = Debug|Win32
		{5E81073C-53DD-4684-96A4-60E2E3027100}.Debug|x86.Build.0 = Debug|Win32
		{5E81073C-53DD-4684-96A4-60E2E3027100}.DebugU|x64.ActiveCfg = DebugU|x64
		{5E81073C-53DD-4684-96A4-60E2E3027100}.DebugU|x64.Build.0 = DebugU|x64
		{5E81073C-53DD-4684-96A4-60E2E3027100}.DebugU|x86.ActiveCfg = DebugU|Win32
		{5E81073C-53DD-4684-96A4-60E2E3027100}.DebugU|x86.Build.0 = DebugU|Win32
		{5E81073C-53DD-4684-96A4-60E2E3027100}.Release|x64.ActiveCfg = Release|x64
		{5E81073C-53DD-4684-96A4-60E2E3027100}.Release|x64.Build.0 = Release|x64
		{5E81073C-53DD-4684-96A4-60E2E3027100}.Release|x86.ActiveCfg = Release|Win32
		{5E81073C-53DD-4684-96A4-60E2E3027100}.Release|x86.Build.0 = Release|Win32
		{5E81073C-53DD-4684-96A4-60E2E3027100}.ReleaseU|x64.ActiveCfg = ReleaseU|x64
		{5E81073C-53DD-4684-96A4-60E2E3027100}.ReleaseU|x64.Build.0 = ReleaseU|x64
		{5E81073C-53DD-4684-96A4-60E2E3027100}.ReleaseU|x86.ActiveCfg = ReleaseU|Win32
		{5E81073C-53DD-4684-96A4-60E2E3027100}.ReleaseU|x86.Build.0 = ReleaseU|Win32
	EndGlobalSection
	GlobalSection(SolutionProperties) = preSolution
		HideSolutionNode = FALSE
	EndGlobalSection
EndGlobal
