<?xml version="1.0" encoding="utf-8"?>
<Project ToolsVersion="4.0" xmlns="http://schemas.microsoft.com/developer/msbuild/2003">
  <ItemGroup>
    <Filter Include="Source Files">
      <UniqueIdentifier>{4FC737F1-C7A5-4376-A066-2A32D752A2FF}</UniqueIdentifier>
      <Extensions>cpp;c;cc;cxx;c++;cppm;ixx;def;odl;idl;hpj;bat;asm;asmx</Extensions>
    </Filter>
    <Filter Include="Header Files">
      <UniqueIdentifier>{93995380-89BD-4b04-88EB-625FBE52EBFB}</UniqueIdentifier>
      <Extensions>h;hh;hpp;hxx;h++;hm;inl;inc;ipp;xsd</Extensions>
    </Filter>
    <Filter Include="Resource Files">
      <UniqueIdentifier>{67DA6AB6-F800-4c08-8B7A-83BB121AAD01}</UniqueIdentifier>
      <Extensions>rc;ico;cur;bmp;dlg;rc2;rct;bin;rgs;gif;jpg;jpeg;jpe;resx;tiff;tif;png;wav;mfcribbon-ms</Extensions>
    </Filter>
  </ItemGroup>
  <ItemGroup>
    <ClCompile Include="buffered_transfer_info.cpp">
      <Filter>Source Files</Filter>
    </ClCompile>
    <ClCompile Include="options_base.cpp">
      <Filter>Source Files</Filter>
    </ClCompile>
    <ClCompile Include="paperhandling_info.cpp">
      <Filter>Source Files</Filter>
    </ClCompile>
    <ClCompile Include="pdf_text_element.cpp">
      <Filter>Source Files</Filter>
    </ClCompile>
    <ClCompile Include="twain_callback.cpp">
      <Filter>Source Files</Filter>
    </ClCompile>
    <ClCompile Include="twain_session.cpp">
      <Filter>Source Files</Filter>
    </ClCompile>
    <ClCompile Include="twain_source.cpp">
      <Filter>Source Files</Filter>
    </ClCompile>
    <ClCompile Include="acquire_characteristics.cpp">
      <Filter>Source Files</Filter>
    </ClCompile>
    <ClCompile Include="logger_callback.cpp">
      <Filter>Source Files</Filter>
    </ClCompile>
    <ClCompile Include="twain_characteristics.cpp">
      <Filter>Source Files</Filter>
    </ClCompile>
  </ItemGroup>
  <ItemGroup>
    <ClInclude Include="dynarithmic\twain\capability_interface\capability_interface.hpp">
      <Filter>Header Files</Filter>
    </ClInclude>
    <ClInclude Include="dynarithmic\twain\capability_interface\generated_capfuncs.hpp">
      <Filter>Header Files</Filter>
    </ClInclude>
    <ClInclude Include="dynarithmic\twain\characteristics\twain_select_dialog.hpp">
      <Filter>Header Files</Filter>
    </ClInclude>
    <ClInclude Include="dynarithmic\twain\identity\twain_identity.hpp">
      <Filter>Header Files</Filter>
    </ClInclude>
    <ClInclude Include="dynarithmic\twain\imagehandler\image_handler.hpp">
      <Filter>Header Files</Filter>
    </ClInclude>
    <ClInclude Include="dynarithmic\twain\info\asyncdeviceevents_info.hpp">
      <Filter>Header Files</Filter>
    </ClInclude>
    <ClInclude Include="dynarithmic\twain\info\buffered_transfer_info.hpp">
      <Filter>Header Files</Filter>
    </ClInclude>
    <ClInclude Include="dynarithmic\twain\info\capinfo_base2.hpp">
      <Filter>Header Files</Filter>
    </ClInclude>
    <ClInclude Include="dynarithmic\twain\info\file_transfer_info.hpp">
      <Filter>Header Files</Filter>
    </ClInclude>
    <ClInclude Include="dynarithmic\twain\info\imageinformation_info.hpp">
      <Filter>Header Files</Filter>
    </ClInclude>
    <ClInclude Include="dynarithmic\twain\info\imprinter_info.hpp">
      <Filter>Header Files</Filter>
    </ClInclude>
    <ClInclude Include="dynarithmic\twain\info\info_base.hpp">
      <Filter>Header Files</Filter>
    </ClInclude>
    <ClInclude Include="dynarithmic\twain\info\paperhandling_info.hpp">
      <Filter>Header Files</Filter>
    </ClInclude>
    <ClInclude Include="dynarithmic\twain\logging\error_logger.hpp">
      <Filter>Header Files</Filter>
    </ClInclude>
    <ClInclude Include="dynarithmic\twain\logging\error_logger_details.hpp">
      <Filter>Header Files</Filter>
    </ClInclude>
    <ClInclude Include="dynarithmic\twain\logging\logger_callback.hpp">
      <Filter>Header Files</Filter>
    </ClInclude>
    <ClInclude Include="dynarithmic\twain\logging\twain_logger.hpp">
      <Filter>Header Files</Filter>
    </ClInclude>
    <ClInclude Include="dynarithmic\twain\messaging\twain_loop.hpp">
      <Filter>Header Files</Filter>
    </ClInclude>
    <ClInclude Include="dynarithmic\twain\options\audiblealarms_options.hpp">
      <Filter>Header Files</Filter>
    </ClInclude>
    <ClInclude Include="dynarithmic\twain\options\autoadjust_options.hpp">
      <Filter>Header Files</Filter>
    </ClInclude>
    <ClInclude Include="dynarithmic\twain\options\autocapture_options.hpp">
      <Filter>Header Files</Filter>
    </ClInclude>
    <ClInclude Include="dynarithmic\twain\options\autoscanning_options.hpp">
      <Filter>Header Files</Filter>
    </ClInclude>
    <ClInclude Include="dynarithmic\twain\options\barcodedetection_options.hpp">
      <Filter>Header Files</Filter>
    </ClInclude>
    <ClInclude Include="dynarithmic\twain\options\blankpage_options.hpp">
      <Filter>Header Files</Filter>
    </ClInclude>
    <ClInclude Include="dynarithmic\twain\options\buffered_transfer_options.hpp">
      <Filter>Header Files</Filter>
    </ClInclude>
    <ClInclude Include="dynarithmic\twain\options\capnegotiation_options.hpp">
      <Filter>Header Files</Filter>
    </ClInclude>
    <ClInclude Include="dynarithmic\twain\options\color_options.hpp">
      <Filter>Header Files</Filter>
    </ClInclude>
    <ClInclude Include="dynarithmic\twain\options\compression_options.hpp">
      <Filter>Header Files</Filter>
    </ClInclude>
    <ClInclude Include="dynarithmic\twain\options\deviceevents_options.hpp">
      <Filter>Header Files</Filter>
    </ClInclude>
    <ClInclude Include="dynarithmic\twain\options\deviceparams_options.hpp">
      <Filter>Header Files</Filter>
    </ClInclude>
    <ClInclude Include="dynarithmic\twain\options\doublefeed_options.hpp">
      <Filter>Header Files</Filter>
    </ClInclude>
    <ClInclude Include="dynarithmic\twain\options\file_transfer_options.hpp">
      <Filter>Header Files</Filter>
    </ClInclude>
    <ClInclude Include="dynarithmic\twain\options\general_options.hpp">
      <Filter>Header Files</Filter>
    </ClInclude>
    <ClInclude Include="dynarithmic\twain\options\imageinformation_options.hpp">
      <Filter>Header Files</Filter>
    </ClInclude>
    <ClInclude Include="dynarithmic\twain\options\imageparameter_options.hpp">
      <Filter>Header Files</Filter>
    </ClInclude>
    <ClInclude Include="dynarithmic\twain\options\imagetype_options.hpp">
      <Filter>Header Files</Filter>
    </ClInclude>
    <ClInclude Include="dynarithmic\twain\options\imprinter_options.hpp">
      <Filter>Header Files</Filter>
    </ClInclude>
    <ClInclude Include="dynarithmic\twain\options\jobcontrol_options.hpp">
      <Filter>Header Files</Filter>
    </ClInclude>
    <ClInclude Include="dynarithmic\twain\options\language_options.hpp">
      <Filter>Header Files</Filter>
    </ClInclude>
    <ClInclude Include="dynarithmic\twain\options\micr_options.hpp">
      <Filter>Header Files</Filter>
    </ClInclude>
    <ClInclude Include="dynarithmic\twain\options\options_base.hpp">
      <Filter>Header Files</Filter>
    </ClInclude>
    <ClInclude Include="dynarithmic\twain\options\pages_options.hpp">
      <Filter>Header Files</Filter>
    </ClInclude>
    <ClInclude Include="dynarithmic\twain\options\paperhandling_options.hpp">
      <Filter>Header Files</Filter>
    </ClInclude>
    <ClInclude Include="dynarithmic\twain\options\patchcode_options.hpp">
      <Filter>Header Files</Filter>
    </ClInclude>
    <ClInclude Include="dynarithmic\twain\options\pdf_options.hpp">
      <Filter>Header Files</Filter>
    </ClInclude>
    <ClInclude Include="dynarithmic\twain\options\powermonitor_options.hpp">
      <Filter>Header Files</Filter>
    </ClInclude>
    <ClInclude Include="dynarithmic\twain\options\resolution_options.hpp">
      <Filter>Header Files</Filter>
    </ClInclude>
    <ClInclude Include="dynarithmic\twain\options\ui_options.hpp">
      <Filter>Header Files</Filter>
    </ClInclude>
    <ClInclude Include="dynarithmic\twain\pdf\pdf_text_element.hpp">
      <Filter>Header Files</Filter>
    </ClInclude>
    <ClInclude Include="dynarithmic\twain\session\twain_characteristics.hpp">
      <Filter>Header Files</Filter>
    </ClInclude>
    <ClInclude Include="dynarithmic\twain\session\twain_session.hpp">
      <Filter>Header Files</Filter>
    </ClInclude>
    <ClInclude Include="dynarithmic\twain\session\twain_session_base.hpp">
      <Filter>Header Files</Filter>
    </ClInclude>
    <ClInclude Include="dynarithmic\twain\source\twain_source.hpp">
      <Filter>Header Files</Filter>
    </ClInclude>
    <ClInclude Include="dynarithmic\twain\source\twain_source_pimpl.hpp">
      <Filter>Header Files</Filter>
    </ClInclude>
    <ClInclude Include="dynarithmic\twain\tostring\tostring.hpp">
      <Filter>Header Files</Filter>
    </ClInclude>
    <ClInclude Include="dynarithmic\twain\types\twain_array.hpp">
      <Filter>Header Files</Filter>
    </ClInclude>
    <ClInclude Include="dynarithmic\twain\types\twain_callback.hpp">
      <Filter>Header Files</Filter>
    </ClInclude>
    <ClInclude Include="dynarithmic\twain\types\twain_capbasics.hpp">
      <Filter>Header Files</Filter>
    </ClInclude>
    <ClInclude Include="dynarithmic\twain\types\twain_frame.hpp">
      <Filter>Header Files</Filter>
    </ClInclude>
    <ClInclude Include="dynarithmic\twain\types\twain_range.hpp">
      <Filter>Header Files</Filter>
    </ClInclude>
    <ClInclude Include="dynarithmic\twain\types\twain_timer.hpp">
      <Filter>Header Files</Filter>
    </ClInclude>
    <ClInclude Include="dynarithmic\twain\types\twain_types.hpp">
      <Filter>Header Files</Filter>
    </ClInclude>
    <ClInclude Include="dynarithmic\twain\types\underlying_type.hpp">
      <Filter>Header Files</Filter>
    </ClInclude>
    <ClInclude Include="dynarithmic\twain\utilities\string_utilities.hpp">
      <Filter>Header Files</Filter>
    </ClInclude>
  </ItemGroup>
</Project>