
Microsoft Visual Studio Solution File, Format Version 12.00
# Visual Studio Version 16
VisualStudioVersion = 16.0.35026.282
MinimumVisualStudioVersion = 10.0.40219.1
Project("{8BC9CEB8-8B4A-11D0-8D11-00A0C91BC942}") = "AdvancedBufferedAcquire", "c\AdvancedBufferedAcquire\AdvancedBufferedAcquire.vcxproj", "{6E72FD8E-75CB-4296-B921-B223DA0C399C}"
EndProject
Project("{2150E333-8FDC-42A3-9474-1A3956D46DE8}") = "C Demos", "C Demos", "{776340E9-C719-4B60-BB27-80613E206D20}"
EndProject
Project("{8BC9CEB8-8B4A-11D0-8D11-00A0C91BC942}") = "AutomaticFileNaming", "c\AutomaticFileNaming\AutomaticFileNaming.vcxproj", "{F2A3B05B-8E3E-4218-9557-17B88C15F776}"
EndProject
Project("{8BC9CEB8-8B4A-11D0-8D11-00A0C91BC942}") = "BasicTwainInfo", "c\BasicTwainInfo\BasicTwainInfo.vcxproj", "{68704062-4A6C-4474-B4ED-85421FE2E7DA}"
EndProject
Project("{8BC9CEB8-8B4A-11D0-8D11-00A0C91BC942}") = "CustomizeSelectSourceDialog", "c\CustomizeSelectSourceDialog\CustomizeSelectSourceDialog.vcxproj", "{E84B4700-5FDE-44CC-90BF-35E96E509BC6}"
EndProject
Project("{8BC9CEB8-8B4A-11D0-8D11-00A0C91BC942}") = "FullDemo", "c\FullDemo\FullDemo.vcxproj", "{95714BEE-E9C6-42EE-8E87-EE9FF91EFA53}"
EndProject
Project("{8BC9CEB8-8B4A-11D0-8D11-00A0C91BC942}") = "DuplexScanningDemo", "c\DuplexScanningDemo\DuplexScanningDemo.vcxproj", "{B45BAA84-963D-4D4F-A98F-EA5D3D1D4328}"
EndProject
Project("{8BC9CEB8-8B4A-11D0-8D11-00A0C91BC942}") = "GetSetCapabilities", "c\GetSetCapabilities\GetSetCapabilities.vcxproj", "{EBE31875-1866-4EF2-9313-193626437A12}"
EndProject
Project("{8BC9CEB8-8B4A-11D0-8D11-00A0C91BC942}") = "GetSetSupportedColorTypes", "c\GetSetSupportedColorTypes\GetSetSupportedColorTypes.vcxproj", "{DED5F211-B299-455C-8EC6-DEEE24D4FDFC}"
EndProject
Project("{8BC9CEB8-8B4A-11D0-8D11-00A0C91BC942}") = "GetXYResolutionValues", "c\GetXYResolutionValues\GetXYResolutionValues.vcxproj", "{3AE44BBD-987C-405D-A982-CCF30B8D00BB}"
EndProject
Project("{8BC9CEB8-8B4A-11D0-8D11-00A0C91BC942}") = "ManualDuplexScanningDemo", "c\ManualDuplexScanningDemo\ManualDuplexScanningDemo.vcxproj", "{239C16E2-D4DB-4EE2-BE74-CAFCBCB039FC}"
EndProject
Project("{8BC9CEB8-8B4A-11D0-8D11-00A0C91BC942}") = "MultipageFileFromSinglePageDevice", "c\MultipageFileFromSinglePageDevice\MultipageFileFromSinglePageDevice.vcxproj", "{AE984297-F95E-47BD-AC89-A85118A1C6C1}"
EndProject
Project("{8BC9CEB8-8B4A-11D0-8D11-00A0C91BC942}") = "RemoveBlankPages", "c\RemoveBlankPages\RemoveBlankPages.vcxproj", "{AD1F0CD0-8E61-4461-8AFD-11B96F7CFE0B}"
EndProject
Project("{8BC9CEB8-8B4A-11D0-8D11-00A0C91BC942}") = "ShowCustomDataSourceData", "c\ShowCustomDataSourceData\ShowCustomDataSourceData.vcxproj", "{B2EE1DEB-A617-4F7E-9EA7-A6D2797EA52C}"
EndProject
Project("{8BC9CEB8-8B4A-11D0-8D11-00A0C91BC942}") = "SimpleFileAcquireMultiPage", "c\SimpleFileAcquireMultiPage\SimpleFileAcquireMultiPage.vcxproj", "{502BF4FE-F610-4671-A1B4-99719B6D9F7F}"
EndProject
Project("{8BC9CEB8-8B4A-11D0-8D11-00A0C91BC942}") = "SimpleFileAcquireToBMP", "c\SimpleFileAcquireToBMP\SimpleFileAcquireToBMP.vcxproj", "{E8E82CF7-F492-41BC-A666-6471F97512CF}"
EndProject
Project("{8BC9CEB8-8B4A-11D0-8D11-00A0C91BC942}") = "SimpleFileAcquireToBMPErrorHandling", "c\SimpleFileAcquireToBMPErrorHandling\SimpleFileAcquireToBMPErrorHandling.vcxproj", "{DBAE1526-A35A-4381-9FA7-69FB5F672933}"
EndProject
Project("{8BC9CEB8-8B4A-11D0-8D11-00A0C91BC942}") = "SimpleFileAcquireToBMPNoUserInterface", "c\SimpleFileAcquireToBMPNoUserInterface\SimpleFileAcquireToBMPNoUserInterface.vcxproj", "{06010C9C-9EE9-46E6-AF4E-43FD9197C16F}"
EndProject
Project("{8BC9CEB8-8B4A-11D0-8D11-00A0C91BC942}") = "SimpleFileAcquireToTIFFLZW", "c\SimpleFileAcquireToTIFFLZW\SimpleFileAcquireToTIFFLZW.vcxproj", "{45D6EBCC-AA10-48ED-AF5F-566CEFD1030D}"
EndProject
Project("{8BC9CEB8-8B4A-11D0-8D11-00A0C91BC942}") = "SimpleNativeAcquire", "c\SimpleNativeAcquire\SimpleNativeAcquire.vcxproj", "{48DD5569-06D8-4279-9757-602C5CEEF66B}"
EndProject
Project("{8BC9CEB8-8B4A-11D0-8D11-00A0C91BC942}") = "SimpleSavePDF", "c\SimpleSavePDF\SimpleSavePDF.vcxproj", "{EC2FC250-5797-4C1C-A18B-38185CD10514}"
EndProject
Project("{8BC9CEB8-8B4A-11D0-8D11-00A0C91BC942}") = "TwainCallbackDemo", "c\TwainCallbackDemo\TwainCallbackDemo.vcxproj", "{770C2BA0-1051-42C9-B171-17A2A7BCCA5B}"
EndProject
Project("{8BC9CEB8-8B4A-11D0-8D11-00A0C91BC942}") = "TwainCapListing", "c\TwainCapListing\TwainCapListing.vcxproj", "{7D908047-32DB-4614-BBF2-73E366CCB7A4}"
EndProject
Project("{8BC9CEB8-8B4A-11D0-8D11-00A0C91BC942}") = "TwainLoggingDemo", "c\TwainLoggingDemo\TwainLoggingDemo.vcxproj", "{7B36C6B6-5D0A-40A8-A63B-2093ED815341}"
EndProject
Project("{8BC9CEB8-8B4A-11D0-8D11-00A0C91BC942}") = "cpp_wrapper_lib", "cpp_wrapper_lib\cpp_wrapper_lib.vcxproj", "{829672CE-D35E-4225-89FA-911780F7880F}"
EndProject
Project("{2150E333-8FDC-42A3-9474-1A3956D46DE8}") = "cpp demos", "cpp demos", "{03F1957A-5358-4DE0-A56F-EB0DD11D3540}"
EndProject
Project("{8BC9CEB8-8B4A-11D0-8D11-00A0C91BC942}") = "AdvancedBufferedAcquire", "cpp_wrapper\AdvancedBufferedAcquire\AdvancedBufferedAcquire.vcxproj", "{965A3181-44BA-4B6D-A6B4-B4D0FCEA23C0}"
	ProjectSection(ProjectDependencies) = postProject
		{829672CE-D35E-4225-89FA-911780F7880F} = {829672CE-D35E-4225-89FA-911780F7880F}
	EndProjectSection
EndProject
Project("{8BC9CEB8-8B4A-11D0-8D11-00A0C91BC942}") = "AutoFileNamingDemo", "cpp_wrapper\AutoFileNamingDemo\AutoFileNamingDemo.vcxproj", "{14BBD600-520B-4D54-9CF0-398876D8D3D0}"
EndProject
Project("{8BC9CEB8-8B4A-11D0-8D11-00A0C91BC942}") = "BasicTwainInfo", "cpp_wrapper\BasicTwainInfo\BasicTwainInfo.vcxproj", "{8EA15F01-0517-411B-854A-375742340948}"
	ProjectSection(ProjectDependencies) = postProject
		{829672CE-D35E-4225-89FA-911780F7880F} = {829672CE-D35E-4225-89FA-911780F7880F}
	EndProjectSection
EndProject
Project("{8BC9CEB8-8B4A-11D0-8D11-00A0C91BC942}") = "ChooseTWAINVersion2DSM", "cpp_wrapper\ChooseTWAINVersion2DSM\ChooseTWAINVersion2DSM.vcxproj", "{F0E958AE-EF58-44C3-9A55-586EBCD62382}"
EndProject
Project("{8BC9CEB8-8B4A-11D0-8D11-00A0C91BC942}") = "CustomizeSelectSourceDialog", "cpp_wrapper\CustomizeSelectSourceDialog\CustomizeSelectSourceDialog.vcxproj", "{89D16E47-9D0C-41A2-B342-10E7AA1CA705}"
	ProjectSection(ProjectDependencies) = postProject
		{829672CE-D35E-4225-89FA-911780F7880F} = {829672CE-D35E-4225-89FA-911780F7880F}
	EndProjectSection
EndProject
Project("{8BC9CEB8-8B4A-11D0-8D11-00A0C91BC942}") = "DiscardBlankPagesDemo", "cpp_wrapper\DiscardBlankPagesDemo\DiscardBlankPagesDemo.vcxproj", "{50C4CC9B-F8F0-46CF-AD00-7FB4792B20D1}"
	ProjectSection(ProjectDependencies) = postProject
		{829672CE-D35E-4225-89FA-911780F7880F} = {829672CE-D35E-4225-89FA-911780F7880F}
	EndProjectSection
EndProject
Project("{8BC9CEB8-8B4A-11D0-8D11-00A0C91BC942}") = "DuplexScanningDemo", "cpp_wrapper\DuplexScanningDemo\DuplexScanningDemo.vcxproj", "{2FF6592A-3448-4A17-AB56-2C7A3BA63BE3}"
EndProject
Project("{8BC9CEB8-8B4A-11D0-8D11-00A0C91BC942}") = "GetAllColorTypesAndBitDepths", "cpp_wrapper\GetAllColorTypesAndBitDepths\GetAllColorTypesAndBitDepths.vcxproj", "{D03C047F-DF8F-40B0-AF01-F3223F5E6ECF}"
EndProject
Project("{8BC9CEB8-8B4A-11D0-8D11-00A0C91BC942}") = "GetSetCapabilities", "cpp_wrapper\GetSetCapabilities\GetSetCapabilities.vcxproj", "{EAF7D73E-B332-4222-B02E-B8C74A84F21F}"
EndProject
Project("{8BC9CEB8-8B4A-11D0-8D11-00A0C91BC942}") = "GetXYResolutionValues", "cpp_wrapper\GetXYResolutionValues\GetXYResolutionValues.vcxproj", "{F2A1C472-E2C5-4713-909E-609A407556E7}"
	ProjectSection(ProjectDependencies) = postProject
		{829672CE-D35E-4225-89FA-911780F7880F} = {829672CE-D35E-4225-89FA-911780F7880F}
	EndProjectSection
EndProject
Project("{8BC9CEB8-8B4A-11D0-8D11-00A0C91BC942}") = "ManualDuplexScanningDemo", "cpp_wrapper\ManualDuplexScanningDemo\ManualDuplexScanningDemo.vcxproj", "{B844A683-ED01-482A-8D88-BA5D0A45B1C7}"
	ProjectSection(ProjectDependencies) = postProject
		{829672CE-D35E-4225-89FA-911780F7880F} = {829672CE-D35E-4225-89FA-911780F7880F}
	EndProjectSection
EndProject
Project("{8BC9CEB8-8B4A-11D0-8D11-00A0C91BC942}") = "MultiPageTiffCompressionDemo", "cpp_wrapper\MultiPageTiffCompressionDemo\MultiPageTiffCompressionDemo.vcxproj", "{86D69983-E907-4EED-B9B6-649A1CC541A2}"
	ProjectSection(ProjectDependencies) = postProject
		{829672CE-D35E-4225-89FA-911780F7880F} = {829672CE-D35E-4225-89FA-911780F7880F}
	EndProjectSection
EndProject
Project("{8BC9CEB8-8B4A-11D0-8D11-00A0C91BC942}") = "PDFAddTextDemo", "cpp_wrapper\PDFAddTextDemo\PDFAddTextDemo.vcxproj", "{D4C0957F-8F8B-4119-B0F5-7E5DB2A3192E}"
	ProjectSection(ProjectDependencies) = postProject
		{829672CE-D35E-4225-89FA-911780F7880F} = {829672CE-D35E-4225-89FA-911780F7880F}
	EndProjectSection
EndProject
Project("{8BC9CEB8-8B4A-11D0-8D11-00A0C91BC942}") = "PDFDemo", "cpp_wrapper\PDFDemo\PDFDemo.vcxproj", "{97DD0CF7-3817-4328-8F11-F21A007A2F5F}"
	ProjectSection(ProjectDependencies) = postProject
		{829672CE-D35E-4225-89FA-911780F7880F} = {829672CE-D35E-4225-89FA-911780F7880F}
	EndProjectSection
EndProject
Project("{8BC9CEB8-8B4A-11D0-8D11-00A0C91BC942}") = "ShowCustomDSData", "cpp_wrapper\ShowCustomDSData\ShowCustomDSData.vcxproj", "{0B20C02D-5D05-484F-94FA-776130F97FC2}"
	ProjectSection(ProjectDependencies) = postProject
		{829672CE-D35E-4225-89FA-911780F7880F} = {829672CE-D35E-4225-89FA-911780F7880F}
	EndProjectSection
EndProject
Project("{8BC9CEB8-8B4A-11D0-8D11-00A0C91BC942}") = "SimpleFileAcquireMultiPage", "cpp_wrapper\SimpleFileAcquireMultiPage\SimpleFileAcquireMultiPage.vcxproj", "{DC8EB588-C6E5-443D-9B3B-EE79C6860560}"
	ProjectSection(ProjectDependencies) = postProject
		{829672CE-D35E-4225-89FA-911780F7880F} = {829672CE-D35E-4225-89FA-911780F7880F}
	EndProjectSection
EndProject
Project("{8BC9CEB8-8B4A-11D0-8D11-00A0C91BC942}") = "SimpleFileAcquireToBMP", "cpp_wrapper\SimpleFileAcquireToBMP\SimpleFileAcquireToBMP.vcxproj", "{9824E0AA-88D7-4F1F-AF3D-056767489256}"
	ProjectSection(ProjectDependencies) = postProject
		{829672CE-D35E-4225-89FA-911780F7880F} = {829672CE-D35E-4225-89FA-911780F7880F}
	EndProjectSection
EndProject
Project("{8BC9CEB8-8B4A-11D0-8D11-00A0C91BC942}") = "SimpleFileAcquireToBMPErrorHandling", "cpp_wrapper\SimpleFileAcquireToBMPErrorHandling\SimpleFileAcquireToBMPErrorHandling.vcxproj", "{86C5DB54-5E62-452A-A26D-FEF2721B8321}"
	ProjectSection(ProjectDependencies) = postProject
		{829672CE-D35E-4225-89FA-911780F7880F} = {829672CE-D35E-4225-89FA-911780F7880F}
	EndProjectSection
EndProject
Project("{8BC9CEB8-8B4A-11D0-8D11-00A0C91BC942}") = "SimpleFileAcquireToBMPNoUserInterface", "cpp_wrapper\SimpleFileAcquireToBMPNoUserInterface\SimpleFileAcquireToBMPNoUserInterface.vcxproj", "{3BD77FEE-1A45-43DE-B25B-12DFE18F96B2}"
	ProjectSection(ProjectDependencies) = postProject
		{829672CE-D35E-4225-89FA-911780F7880F} = {829672CE-D35E-4225-89FA-911780F7880F}
	EndProjectSection
EndProject
Project("{8BC9CEB8-8B4A-11D0-8D11-00A0C91BC942}") = "SimpleFileAcquireToTIFFLZW", "cpp_wrapper\SimpleFileAcquireToTIFFLZW\SimpleFileAcquireToTIFFLZW.vcxproj", "{564E47AA-4690-4164-B9F4-4268EF25FE9C}"
	ProjectSection(ProjectDependencies) = postProject
		{829672CE-D35E-4225-89FA-911780F7880F} = {829672CE-D35E-4225-89FA-911780F7880F}
	EndProjectSection
EndProject
Project("{8BC9CEB8-8B4A-11D0-8D11-00A0C91BC942}") = "SimpleNativeAcquire", "cpp_wrapper\SimpleNativeAcquire\SimpleNativeAcquire.vcxproj", "{752453AD-D895-420B-98CF-1118B8F35219}"
	ProjectSection(ProjectDependencies) = postProject
		{829672CE-D35E-4225-89FA-911780F7880F} = {829672CE-D35E-4225-89FA-911780F7880F}
	EndProjectSection
EndProject
Project("{8BC9CEB8-8B4A-11D0-8D11-00A0C91BC942}") = "SinglePageDeviceToMultiPageDemo", "cpp_wrapper\SinglePageDeviceToMultiPageDemo\SinglePageDeviceToMultiPageDemo.vcxproj", "{975EDC8D-88EB-438B-83D0-E3A4F5ECA68A}"
	ProjectSection(ProjectDependencies) = postProject
		{829672CE-D35E-4225-89FA-911780F7880F} = {829672CE-D35E-4225-89FA-911780F7880F}
	EndProjectSection
EndProject
Project("{8BC9CEB8-8B4A-11D0-8D11-00A0C91BC942}") = "TwainCallbackDemo", "cpp_wrapper\TwainCallbackDemo\TwainCallbackDemo.vcxproj", "{EE404D34-82AE-4DC3-BDBA-B063CA475E73}"
	ProjectSection(ProjectDependencies) = postProject
		{829672CE-D35E-4225-89FA-911780F7880F} = {829672CE-D35E-4225-89FA-911780F7880F}
	EndProjectSection
EndProject
Project("{8BC9CEB8-8B4A-11D0-8D11-00A0C91BC942}") = "TwainCapListing", "cpp_wrapper\TwainCapListing\TwainCapListing.vcxproj", "{255A9025-1587-4AD4-BC26-09D5989083E3}"
	ProjectSection(ProjectDependencies) = postProject
		{829672CE-D35E-4225-89FA-911780F7880F} = {829672CE-D35E-4225-89FA-911780F7880F}
	EndProjectSection
EndProject
Project("{8BC9CEB8-8B4A-11D0-8D11-00A0C91BC942}") = "TwainLoggingDemo", "cpp_wrapper\TwainLoggingDemo\TwainLoggingDemo.vcxproj", "{80449DFA-4000-4DD7-A981-467D31D7D2DB}"
	ProjectSection(ProjectDependencies) = postProject
		{829672CE-D35E-4225-89FA-911780F7880F} = {829672CE-D35E-4225-89FA-911780F7880F}
	EndProjectSection
EndProject
Project("{8BC9CEB8-8B4A-11D0-8D11-00A0C91BC942}") = "WaitForFeederLoaded", "cpp_wrapper\WaitForFeederLoaded\WaitForFeederLoaded.vcxproj", "{9314D071-38B6-40A5-84C4-146F71A368A5}"
	ProjectSection(ProjectDependencies) = postProject
		{829672CE-D35E-4225-89FA-911780F7880F} = {829672CE-D35E-4225-89FA-911780F7880F}
	EndProjectSection
EndProject
Project("{2150E333-8FDC-42A3-9474-1A3956D46DE8}") = "No Import Lib", "No Import Lib", "{95E48B0F-A4EB-4463-8437-4137C7F6BA84}"
EndProject
Project("{8BC9CEB8-8B4A-11D0-8D11-00A0C91BC942}") = "SimpleFileAcquireToBMP", "NoImportLib\SimpleFileAcquireToBMP\SimpleFileAcquireToBMP.vcxproj", "{B6B58489-1A28-4DD9-B070-38DBF112C7DA}"
EndProject
Project("{8BC9CEB8-8B4A-11D0-8D11-00A0C91BC942}") = "TestImageFileCreation", "cpp_wrapper\TestImageFileCreation\TestImageFileCreation.vcxproj", "{6695B037-1585-4567-B349-21988A5F1182}"
EndProject
Global
	GlobalSection(SolutionConfigurationPlatforms) = preSolution
		Debug|x64 = Debug|x64
		Debug|x86 = Debug|x86
		Release|x64 = Release|x64
		Release|x86 = Release|x86
	EndGlobalSection
	GlobalSection(ProjectConfigurationPlatforms) = postSolution
		{6E72FD8E-75CB-4296-B921-B223DA0C399C}.Debug|x64.ActiveCfg = Debug|x64
		{6E72FD8E-75CB-4296-B921-B223DA0C399C}.Debug|x64.Build.0 = Debug|x64
		{6E72FD8E-75CB-4296-B921-B223DA0C399C}.Debug|x86.ActiveCfg = Debug|Win32
		{6E72FD8E-75CB-4296-B921-B223DA0C399C}.Debug|x86.Build.0 = Debug|Win32
		{6E72FD8E-75CB-4296-B921-B223DA0C399C}.Release|x64.ActiveCfg = Release|x64
		{6E72FD8E-75CB-4296-B921-B223DA0C399C}.Release|x64.Build.0 = Release|x64
		{6E72FD8E-75CB-4296-B921-B223DA0C399C}.Release|x86.ActiveCfg = Release|Win32
		{6E72FD8E-75CB-4296-B921-B223DA0C399C}.Release|x86.Build.0 = Release|Win32
		{F2A3B05B-8E3E-4218-9557-17B88C15F776}.Debug|x64.ActiveCfg = Debug|x64
		{F2A3B05B-8E3E-4218-9557-17B88C15F776}.Debug|x64.Build.0 = Debug|x64
		{F2A3B05B-8E3E-4218-9557-17B88C15F776}.Debug|x86.ActiveCfg = Debug|Win32
		{F2A3B05B-8E3E-4218-9557-17B88C15F776}.Debug|x86.Build.0 = Debug|Win32
		{F2A3B05B-8E3E-4218-9557-17B88C15F776}.Release|x64.ActiveCfg = Release|x64
		{F2A3B05B-8E3E-4218-9557-17B88C15F776}.Release|x64.Build.0 = Release|x64
		{F2A3B05B-8E3E-4218-9557-17B88C15F776}.Release|x86.ActiveCfg = Release|Win32
		{F2A3B05B-8E3E-4218-9557-17B88C15F776}.Release|x86.Build.0 = Release|Win32
		{68704062-4A6C-4474-B4ED-85421FE2E7DA}.Debug|x64.ActiveCfg = Debug|x64
		{68704062-4A6C-4474-B4ED-85421FE2E7DA}.Debug|x64.Build.0 = Debug|x64
		{68704062-4A6C-4474-B4ED-85421FE2E7DA}.Debug|x86.ActiveCfg = Debug|Win32
		{68704062-4A6C-4474-B4ED-85421FE2E7DA}.Debug|x86.Build.0 = Debug|Win32
		{68704062-4A6C-4474-B4ED-85421FE2E7DA}.Release|x64.ActiveCfg = Release|x64
		{68704062-4A6C-4474-B4ED-85421FE2E7DA}.Release|x64.Build.0 = Release|x64
		{68704062-4A6C-4474-B4ED-85421FE2E7DA}.Release|x86.ActiveCfg = Release|Win32
		{68704062-4A6C-4474-B4ED-85421FE2E7DA}.Release|x86.Build.0 = Release|Win32
		{E84B4700-5FDE-44CC-90BF-35E96E509BC6}.Debug|x64.ActiveCfg = Debug|x64
		{E84B4700-5FDE-44CC-90BF-35E96E509BC6}.Debug|x64.Build.0 = Debug|x64
		{E84B4700-5FDE-44CC-90BF-35E96E509BC6}.Debug|x86.ActiveCfg = Debug|Win32
		{E84B4700-5FDE-44CC-90BF-35E96E509BC6}.Debug|x86.Build.0 = Debug|Win32
		{E84B4700-5FDE-44CC-90BF-35E96E509BC6}.Release|x64.ActiveCfg = Release|x64
		{E84B4700-5FDE-44CC-90BF-35E96E509BC6}.Release|x64.Build.0 = Release|x64
		{E84B4700-5FDE-44CC-90BF-35E96E509BC6}.Release|x86.ActiveCfg = Release|Win32
		{E84B4700-5FDE-44CC-90BF-35E96E509BC6}.Release|x86.Build.0 = Release|Win32
		{95714BEE-E9C6-42EE-8E87-EE9FF91EFA53}.Debug|x64.ActiveCfg = Debug|x64
		{95714BEE-E9C6-42EE-8E87-EE9FF91EFA53}.Debug|x64.Build.0 = Debug|x64
		{95714BEE-E9C6-42EE-8E87-EE9FF91EFA53}.Debug|x86.ActiveCfg = Debug|Win32
		{95714BEE-E9C6-42EE-8E87-EE9FF91EFA53}.Debug|x86.Build.0 = Debug|Win32
		{95714BEE-E9C6-42EE-8E87-EE9FF91EFA53}.Release|x64.ActiveCfg = Release|x64
		{95714BEE-E9C6-42EE-8E87-EE9FF91EFA53}.Release|x64.Build.0 = Release|x64
		{95714BEE-E9C6-42EE-8E87-EE9FF91EFA53}.Release|x86.ActiveCfg = Release|Win32
		{95714BEE-E9C6-42EE-8E87-EE9FF91EFA53}.Release|x86.Build.0 = Release|Win32
		{B45BAA84-963D-4D4F-A98F-EA5D3D1D4328}.Debug|x64.ActiveCfg = Debug|x64
		{B45BAA84-963D-4D4F-A98F-EA5D3D1D4328}.Debug|x64.Build.0 = Debug|x64
		{B45BAA84-963D-4D4F-A98F-EA5D3D1D4328}.Debug|x86.ActiveCfg = Debug|Win32
		{B45BAA84-963D-4D4F-A98F-EA5D3D1D4328}.Debug|x86.Build.0 = Debug|Win32
		{B45BAA84-963D-4D4F-A98F-EA5D3D1D4328}.Release|x64.ActiveCfg = Release|x64
		{B45BAA84-963D-4D4F-A98F-EA5D3D1D4328}.Release|x64.Build.0 = Release|x64
		{B45BAA84-963D-4D4F-A98F-EA5D3D1D4328}.Release|x86.ActiveCfg = Release|Win32
		{B45BAA84-963D-4D4F-A98F-EA5D3D1D4328}.Release|x86.Build.0 = Release|Win32
		{EBE31875-1866-4EF2-9313-193626437A12}.Debug|x64.ActiveCfg = Debug|x64
		{EBE31875-1866-4EF2-9313-193626437A12}.Debug|x64.Build.0 = Debug|x64
		{EBE31875-1866-4EF2-9313-193626437A12}.Debug|x86.ActiveCfg = Debug|Win32
		{EBE31875-1866-4EF2-9313-193626437A12}.Debug|x86.Build.0 = Debug|Win32
		{EBE31875-1866-4EF2-9313-193626437A12}.Release|x64.ActiveCfg = Release|x64
		{EBE31875-1866-4EF2-9313-193626437A12}.Release|x64.Build.0 = Release|x64
		{EBE31875-1866-4EF2-9313-193626437A12}.Release|x86.ActiveCfg = Release|Win32
		{EBE31875-1866-4EF2-9313-193626437A12}.Release|x86.Build.0 = Release|Win32
		{DED5F211-B299-455C-8EC6-DEEE24D4FDFC}.Debug|x64.ActiveCfg = Debug|x64
		{DED5F211-B299-455C-8EC6-DEEE24D4FDFC}.Debug|x64.Build.0 = Debug|x64
		{DED5F211-B299-455C-8EC6-DEEE24D4FDFC}.Debug|x86.ActiveCfg = Debug|Win32
		{DED5F211-B299-455C-8EC6-DEEE24D4FDFC}.Debug|x86.Build.0 = Debug|Win32
		{DED5F211-B299-455C-8EC6-DEEE24D4FDFC}.Release|x64.ActiveCfg = Release|x64
		{DED5F211-B299-455C-8EC6-DEEE24D4FDFC}.Release|x64.Build.0 = Release|x64
		{DED5F211-B299-455C-8EC6-DEEE24D4FDFC}.Release|x86.ActiveCfg = Release|Win32
		{DED5F211-B299-455C-8EC6-DEEE24D4FDFC}.Release|x86.Build.0 = Release|Win32
		{3AE44BBD-987C-405D-A982-CCF30B8D00BB}.Debug|x64.ActiveCfg = Debug|x64
		{3AE44BBD-987C-405D-A982-CCF30B8D00BB}.Debug|x64.Build.0 = Debug|x64
		{3AE44BBD-987C-405D-A982-CCF30B8D00BB}.Debug|x86.ActiveCfg = Debug|Win32
		{3AE44BBD-987C-405D-A982-CCF30B8D00BB}.Debug|x86.Build.0 = Debug|Win32
		{3AE44BBD-987C-405D-A982-CCF30B8D00BB}.Release|x64.ActiveCfg = Release|x64
		{3AE44BBD-987C-405D-A982-CCF30B8D00BB}.Release|x64.Build.0 = Release|x64
		{3AE44BBD-987C-405D-A982-CCF30B8D00BB}.Release|x86.ActiveCfg = Release|Win32
		{3AE44BBD-987C-405D-A982-CCF30B8D00BB}.Release|x86.Build.0 = Release|Win32
		{239C16E2-D4DB-4EE2-BE74-CAFCBCB039FC}.Debug|x64.ActiveCfg = Debug|x64
		{239C16E2-D4DB-4EE2-BE74-CAFCBCB039FC}.Debug|x64.Build.0 = Debug|x64
		{239C16E2-D4DB-4EE2-BE74-CAFCBCB039FC}.Debug|x86.ActiveCfg = Debug|Win32
		{239C16E2-D4DB-4EE2-BE74-CAFCBCB039FC}.Debug|x86.Build.0 = Debug|Win32
		{239C16E2-D4DB-4EE2-BE74-CAFCBCB039FC}.Release|x64.ActiveCfg = Release|x64
		{239C16E2-D4DB-4EE2-BE74-CAFCBCB039FC}.Release|x64.Build.0 = Release|x64
		{239C16E2-D4DB-4EE2-BE74-CAFCBCB039FC}.Release|x86.ActiveCfg = Release|Win32
		{239C16E2-D4DB-4EE2-BE74-CAFCBCB039FC}.Release|x86.Build.0 = Release|Win32
		{AE984297-F95E-47BD-AC89-A85118A1C6C1}.Debug|x64.ActiveCfg = Debug|x64
		{AE984297-F95E-47BD-AC89-A85118A1C6C1}.Debug|x64.Build.0 = Debug|x64
		{AE984297-F95E-47BD-AC89-A85118A1C6C1}.Debug|x86.ActiveCfg = Debug|Win32
		{AE984297-F95E-47BD-AC89-A85118A1C6C1}.Debug|x86.Build.0 = Debug|Win32
		{AE984297-F95E-47BD-AC89-A85118A1C6C1}.Release|x64.ActiveCfg = Release|x64
		{AE984297-F95E-47BD-AC89-A85118A1C6C1}.Release|x64.Build.0 = Release|x64
		{AE984297-F95E-47BD-AC89-A85118A1C6C1}.Release|x86.ActiveCfg = Release|Win32
		{AE984297-F95E-47BD-AC89-A85118A1C6C1}.Release|x86.Build.0 = Release|Win32
		{AD1F0CD0-8E61-4461-8AFD-11B96F7CFE0B}.Debug|x64.ActiveCfg = Debug|x64
		{AD1F0CD0-8E61-4461-8AFD-11B96F7CFE0B}.Debug|x64.Build.0 = Debug|x64
		{AD1F0CD0-8E61-4461-8AFD-11B96F7CFE0B}.Debug|x86.ActiveCfg = Debug|Win32
		{AD1F0CD0-8E61-4461-8AFD-11B96F7CFE0B}.Debug|x86.Build.0 = Debug|Win32
		{AD1F0CD0-8E61-4461-8AFD-11B96F7CFE0B}.Release|x64.ActiveCfg = Release|x64
		{AD1F0CD0-8E61-4461-8AFD-11B96F7CFE0B}.Release|x64.Build.0 = Release|x64
		{AD1F0CD0-8E61-4461-8AFD-11B96F7CFE0B}.Release|x86.ActiveCfg = Release|Win32
		{AD1F0CD0-8E61-4461-8AFD-11B96F7CFE0B}.Release|x86.Build.0 = Release|Win32
		{B2EE1DEB-A617-4F7E-9EA7-A6D2797EA52C}.Debug|x64.ActiveCfg = Debug|x64
		{B2EE1DEB-A617-4F7E-9EA7-A6D2797EA52C}.Debug|x64.Build.0 = Debug|x64
		{B2EE1DEB-A617-4F7E-9EA7-A6D2797EA52C}.Debug|x86.ActiveCfg = Debug|Win32
		{B2EE1DEB-A617-4F7E-9EA7-A6D2797EA52C}.Debug|x86.Build.0 = Debug|Win32
		{B2EE1DEB-A617-4F7E-9EA7-A6D2797EA52C}.Release|x64.ActiveCfg = Release|x64
		{B2EE1DEB-A617-4F7E-9EA7-A6D2797EA52C}.Release|x64.Build.0 = Release|x64
		{B2EE1DEB-A617-4F7E-9EA7-A6D2797EA52C}.Release|x86.ActiveCfg = Release|Win32
		{B2EE1DEB-A617-4F7E-9EA7-A6D2797EA52C}.Release|x86.Build.0 = Release|Win32
		{502BF4FE-F610-4671-A1B4-99719B6D9F7F}.Debug|x64.ActiveCfg = Debug|x64
		{502BF4FE-F610-4671-A1B4-99719B6D9F7F}.Debug|x64.Build.0 = Debug|x64
		{502BF4FE-F610-4671-A1B4-99719B6D9F7F}.Debug|x86.ActiveCfg = Debug|Win32
		{502BF4FE-F610-4671-A1B4-99719B6D9F7F}.Debug|x86.Build.0 = Debug|Win32
		{502BF4FE-F610-4671-A1B4-99719B6D9F7F}.Release|x64.ActiveCfg = Release|x64
		{502BF4FE-F610-4671-A1B4-99719B6D9F7F}.Release|x64.Build.0 = Release|x64
		{502BF4FE-F610-4671-A1B4-99719B6D9F7F}.Release|x86.ActiveCfg = Release|Win32
		{502BF4FE-F610-4671-A1B4-99719B6D9F7F}.Release|x86.Build.0 = Release|Win32
		{E8E82CF7-F492-41BC-A666-6471F97512CF}.Debug|x64.ActiveCfg = Debug|x64
		{E8E82CF7-F492-41BC-A666-6471F97512CF}.Debug|x64.Build.0 = Debug|x64
		{E8E82CF7-F492-41BC-A666-6471F97512CF}.Debug|x86.ActiveCfg = Debug|Win32
		{E8E82CF7-F492-41BC-A666-6471F97512CF}.Debug|x86.Build.0 = Debug|Win32
		{E8E82CF7-F492-41BC-A666-6471F97512CF}.Release|x64.ActiveCfg = Release|x64
		{E8E82CF7-F492-41BC-A666-6471F97512CF}.Release|x64.Build.0 = Release|x64
		{E8E82CF7-F492-41BC-A666-6471F97512CF}.Release|x86.ActiveCfg = Release|Win32
		{E8E82CF7-F492-41BC-A666-6471F97512CF}.Release|x86.Build.0 = Release|Win32
		{DBAE1526-A35A-4381-9FA7-69FB5F672933}.Debug|x64.ActiveCfg = Debug|x64
		{DBAE1526-A35A-4381-9FA7-69FB5F672933}.Debug|x64.Build.0 = Debug|x64
		{DBAE1526-A35A-4381-9FA7-69FB5F672933}.Debug|x86.ActiveCfg = Debug|Win32
		{DBAE1526-A35A-4381-9FA7-69FB5F672933}.Debug|x86.Build.0 = Debug|Win32
		{DBAE1526-A35A-4381-9FA7-69FB5F672933}.Release|x64.ActiveCfg = Release|x64
		{DBAE1526-A35A-4381-9FA7-69FB5F672933}.Release|x64.Build.0 = Release|x64
		{DBAE1526-A35A-4381-9FA7-69FB5F672933}.Release|x86.ActiveCfg = Release|Win32
		{DBAE1526-A35A-4381-9FA7-69FB5F672933}.Release|x86.Build.0 = Release|Win32
		{06010C9C-9EE9-46E6-AF4E-43FD9197C16F}.Debug|x64.ActiveCfg = Debug|x64
		{06010C9C-9EE9-46E6-AF4E-43FD9197C16F}.Debug|x64.Build.0 = Debug|x64
		{06010C9C-9EE9-46E6-AF4E-43FD9197C16F}.Debug|x86.ActiveCfg = Debug|Win32
		{06010C9C-9EE9-46E6-AF4E-43FD9197C16F}.Debug|x86.Build.0 = Debug|Win32
		{06010C9C-9EE9-46E6-AF4E-43FD9197C16F}.Release|x64.ActiveCfg = Release|x64
		{06010C9C-9EE9-46E6-AF4E-43FD9197C16F}.Release|x64.Build.0 = Release|x64
		{06010C9C-9EE9-46E6-AF4E-43FD9197C16F}.Release|x86.ActiveCfg = Release|Win32
		{06010C9C-9EE9-46E6-AF4E-43FD9197C16F}.Release|x86.Build.0 = Release|Win32
		{45D6EBCC-AA10-48ED-AF5F-566CEFD1030D}.Debug|x64.ActiveCfg = Debug|x64
		{45D6EBCC-AA10-48ED-AF5F-566CEFD1030D}.Debug|x64.Build.0 = Debug|x64
		{45D6EBCC-AA10-48ED-AF5F-566CEFD1030D}.Debug|x86.ActiveCfg = Debug|Win32
		{45D6EBCC-AA10-48ED-AF5F-566CEFD1030D}.Debug|x86.Build.0 = Debug|Win32
		{45D6EBCC-AA10-48ED-AF5F-566CEFD1030D}.Release|x64.ActiveCfg = Release|x64
		{45D6EBCC-AA10-48ED-AF5F-566CEFD1030D}.Release|x64.Build.0 = Release|x64
		{45D6EBCC-AA10-48ED-AF5F-566CEFD1030D}.Release|x86.ActiveCfg = Release|Win32
		{45D6EBCC-AA10-48ED-AF5F-566CEFD1030D}.Release|x86.Build.0 = Release|Win32
		{48DD5569-06D8-4279-9757-602C5CEEF66B}.Debug|x64.ActiveCfg = Debug|x64
		{48DD5569-06D8-4279-9757-602C5CEEF66B}.Debug|x64.Build.0 = Debug|x64
		{48DD5569-06D8-4279-9757-602C5CEEF66B}.Debug|x86.ActiveCfg = Debug|Win32
		{48DD5569-06D8-4279-9757-602C5CEEF66B}.Debug|x86.Build.0 = Debug|Win32
		{48DD5569-06D8-4279-9757-602C5CEEF66B}.Release|x64.ActiveCfg = Release|x64
		{48DD5569-06D8-4279-9757-602C5CEEF66B}.Release|x64.Build.0 = Release|x64
		{48DD5569-06D8-4279-9757-602C5CEEF66B}.Release|x86.ActiveCfg = Release|Win32
		{48DD5569-06D8-4279-9757-602C5CEEF66B}.Release|x86.Build.0 = Release|Win32
		{EC2FC250-5797-4C1C-A18B-38185CD10514}.Debug|x64.ActiveCfg = Debug|x64
		{EC2FC250-5797-4C1C-A18B-38185CD10514}.Debug|x64.Build.0 = Debug|x64
		{EC2FC250-5797-4C1C-A18B-38185CD10514}.Debug|x86.ActiveCfg = Debug|Win32
		{EC2FC250-5797-4C1C-A18B-38185CD10514}.Debug|x86.Build.0 = Debug|Win32
		{EC2FC250-5797-4C1C-A18B-38185CD10514}.Release|x64.ActiveCfg = Release|x64
		{EC2FC250-5797-4C1C-A18B-38185CD10514}.Release|x64.Build.0 = Release|x64
		{EC2FC250-5797-4C1C-A18B-38185CD10514}.Release|x86.ActiveCfg = Release|Win32
		{EC2FC250-5797-4C1C-A18B-38185CD10514}.Release|x86.Build.0 = Release|Win32
		{770C2BA0-1051-42C9-B171-17A2A7BCCA5B}.Debug|x64.ActiveCfg = Debug|x64
		{770C2BA0-1051-42C9-B171-17A2A7BCCA5B}.Debug|x64.Build.0 = Debug|x64
		{770C2BA0-1051-42C9-B171-17A2A7BCCA5B}.Debug|x86.ActiveCfg = Debug|Win32
		{770C2BA0-1051-42C9-B171-17A2A7BCCA5B}.Debug|x86.Build.0 = Debug|Win32
		{770C2BA0-1051-42C9-B171-17A2A7BCCA5B}.Release|x64.ActiveCfg = Release|x64
		{770C2BA0-1051-42C9-B171-17A2A7BCCA5B}.Release|x64.Build.0 = Release|x64
		{770C2BA0-1051-42C9-B171-17A2A7BCCA5B}.Release|x86.ActiveCfg = Release|Win32
		{770C2BA0-1051-42C9-B171-17A2A7BCCA5B}.Release|x86.Build.0 = Release|Win32
		{7D908047-32DB-4614-BBF2-73E366CCB7A4}.Debug|x64.ActiveCfg = Debug|x64
		{7D908047-32DB-4614-BBF2-73E366CCB7A4}.Debug|x64.Build.0 = Debug|x64
		{7D908047-32DB-4614-BBF2-73E366CCB7A4}.Debug|x86.ActiveCfg = Debug|Win32
		{7D908047-32DB-4614-BBF2-73E366CCB7A4}.Debug|x86.Build.0 = Debug|Win32
		{7D908047-32DB-4614-BBF2-73E366CCB7A4}.Release|x64.ActiveCfg = Release|x64
		{7D908047-32DB-4614-BBF2-73E366CCB7A4}.Release|x64.Build.0 = Release|x64
		{7D908047-32DB-4614-BBF2-73E366CCB7A4}.Release|x86.ActiveCfg = Release|Win32
		{7D908047-32DB-4614-BBF2-73E366CCB7A4}.Release|x86.Build.0 = Release|Win32
		{7B36C6B6-5D0A-40A8-A63B-2093ED815341}.Debug|x64.ActiveCfg = Debug|x64
		{7B36C6B6-5D0A-40A8-A63B-2093ED815341}.Debug|x64.Build.0 = Debug|x64
		{7B36C6B6-5D0A-40A8-A63B-2093ED815341}.Debug|x86.ActiveCfg = Debug|Win32
		{7B36C6B6-5D0A-40A8-A63B-2093ED815341}.Debug|x86.Build.0 = Debug|Win32
		{7B36C6B6-5D0A-40A8-A63B-2093ED815341}.Release|x64.ActiveCfg = Release|x64
		{7B36C6B6-5D0A-40A8-A63B-2093ED815341}.Release|x64.Build.0 = Release|x64
		{7B36C6B6-5D0A-40A8-A63B-2093ED815341}.Release|x86.ActiveCfg = Release|Win32
		{7B36C6B6-5D0A-40A8-A63B-2093ED815341}.Release|x86.Build.0 = Release|Win32
		{829672CE-D35E-4225-89FA-911780F7880F}.Debug|x64.ActiveCfg = Debug|x64
		{829672CE-D35E-4225-89FA-911780F7880F}.Debug|x64.Build.0 = Debug|x64
		{829672CE-D35E-4225-89FA-911780F7880F}.Debug|x86.ActiveCfg = Debug|Win32
		{829672CE-D35E-4225-89FA-911780F7880F}.Debug|x86.Build.0 = Debug|Win32
		{829672CE-D35E-4225-89FA-911780F7880F}.Release|x64.ActiveCfg = Release|x64
		{829672CE-D35E-4225-89FA-911780F7880F}.Release|x64.Build.0 = Release|x64
		{829672CE-D35E-4225-89FA-911780F7880F}.Release|x86.ActiveCfg = Release|Win32
		{829672CE-D35E-4225-89FA-911780F7880F}.Release|x86.Build.0 = Release|Win32
		{965A3181-44BA-4B6D-A6B4-B4D0FCEA23C0}.Debug|x64.ActiveCfg = Debug|x64
		{965A3181-44BA-4B6D-A6B4-B4D0FCEA23C0}.Debug|x64.Build.0 = Debug|x64
		{965A3181-44BA-4B6D-A6B4-B4D0FCEA23C0}.Debug|x86.ActiveCfg = Debug|Win32
		{965A3181-44BA-4B6D-A6B4-B4D0FCEA23C0}.Debug|x86.Build.0 = Debug|Win32
		{965A3181-44BA-4B6D-A6B4-B4D0FCEA23C0}.Release|x64.ActiveCfg = Release|x64
		{965A3181-44BA-4B6D-A6B4-B4D0FCEA23C0}.Release|x64.Build.0 = Release|x64
		{965A3181-44BA-4B6D-A6B4-B4D0FCEA23C0}.Release|x86.ActiveCfg = Release|Win32
		{965A3181-44BA-4B6D-A6B4-B4D0FCEA23C0}.Release|x86.Build.0 = Release|Win32
		{14BBD600-520B-4D54-9CF0-398876D8D3D0}.Debug|x64.ActiveCfg = Debug|x64
		{14BBD600-520B-4D54-9CF0-398876D8D3D0}.Debug|x64.Build.0 = Debug|x64
		{14BBD600-520B-4D54-9CF0-398876D8D3D0}.Debug|x86.ActiveCfg = Debug|Win32
		{14BBD600-520B-4D54-9CF0-398876D8D3D0}.Debug|x86.Build.0 = Debug|Win32
		{14BBD600-520B-4D54-9CF0-398876D8D3D0}.Release|x64.ActiveCfg = Release|x64
		{14BBD600-520B-4D54-9CF0-398876D8D3D0}.Release|x64.Build.0 = Release|x64
		{14BBD600-520B-4D54-9CF0-398876D8D3D0}.Release|x86.ActiveCfg = Release|Win32
		{14BBD600-520B-4D54-9CF0-398876D8D3D0}.Release|x86.Build.0 = Release|Win32
		{8EA15F01-0517-411B-854A-375742340948}.Debug|x64.ActiveCfg = Debug|x64
		{8EA15F01-0517-411B-854A-375742340948}.Debug|x64.Build.0 = Debug|x64
		{8EA15F01-0517-411B-854A-375742340948}.Debug|x86.ActiveCfg = Debug|Win32
		{8EA15F01-0517-411B-854A-375742340948}.Debug|x86.Build.0 = Debug|Win32
		{8EA15F01-0517-411B-854A-375742340948}.Release|x64.ActiveCfg = Release|x64
		{8EA15F01-0517-411B-854A-375742340948}.Release|x64.Build.0 = Release|x64
		{8EA15F01-0517-411B-854A-375742340948}.Release|x86.ActiveCfg = Release|Win32
		{8EA15F01-0517-411B-854A-375742340948}.Release|x86.Build.0 = Release|Win32
		{F0E958AE-EF58-44C3-9A55-586EBCD62382}.Debug|x64.ActiveCfg = Debug|x64
		{F0E958AE-EF58-44C3-9A55-586EBCD62382}.Debug|x64.Build.0 = Debug|x64
		{F0E958AE-EF58-44C3-9A55-586EBCD62382}.Debug|x86.ActiveCfg = Debug|Win32
		{F0E958AE-EF58-44C3-9A55-586EBCD62382}.Debug|x86.Build.0 = Debug|Win32
		{F0E958AE-EF58-44C3-9A55-586EBCD62382}.Release|x64.ActiveCfg = Release|x64
		{F0E958AE-EF58-44C3-9A55-586EBCD62382}.Release|x64.Build.0 = Release|x64
		{F0E958AE-EF58-44C3-9A55-586EBCD62382}.Release|x86.ActiveCfg = Release|Win32
		{F0E958AE-EF58-44C3-9A55-586EBCD62382}.Release|x86.Build.0 = Release|Win32
		{89D16E47-9D0C-41A2-B342-10E7AA1CA705}.Debug|x64.ActiveCfg = Debug|x64
		{89D16E47-9D0C-41A2-B342-10E7AA1CA705}.Debug|x64.Build.0 = Debug|x64
		{89D16E47-9D0C-41A2-B342-10E7AA1CA705}.Debug|x86.ActiveCfg = Debug|Win32
		{89D16E47-9D0C-41A2-B342-10E7AA1CA705}.Debug|x86.Build.0 = Debug|Win32
		{89D16E47-9D0C-41A2-B342-10E7AA1CA705}.Release|x64.ActiveCfg = Release|x64
		{89D16E47-9D0C-41A2-B342-10E7AA1CA705}.Release|x64.Build.0 = Release|x64
		{89D16E47-9D0C-41A2-B342-10E7AA1CA705}.Release|x86.ActiveCfg = Release|Win32
		{89D16E47-9D0C-41A2-B342-10E7AA1CA705}.Release|x86.Build.0 = Release|Win32
		{50C4CC9B-F8F0-46CF-AD00-7FB4792B20D1}.Debug|x64.ActiveCfg = Debug|x64
		{50C4CC9B-F8F0-46CF-AD00-7FB4792B20D1}.Debug|x64.Build.0 = Debug|x64
		{50C4CC9B-F8F0-46CF-AD00-7FB4792B20D1}.Debug|x86.ActiveCfg = Debug|Win32
		{50C4CC9B-F8F0-46CF-AD00-7FB4792B20D1}.Debug|x86.Build.0 = Debug|Win32
		{50C4CC9B-F8F0-46CF-AD00-7FB4792B20D1}.Release|x64.ActiveCfg = Release|x64
		{50C4CC9B-F8F0-46CF-AD00-7FB4792B20D1}.Release|x64.Build.0 = Release|x64
		{50C4CC9B-F8F0-46CF-AD00-7FB4792B20D1}.Release|x86.ActiveCfg = Release|Win32
		{50C4CC9B-F8F0-46CF-AD00-7FB4792B20D1}.Release|x86.Build.0 = Release|Win32
		{2FF6592A-3448-4A17-AB56-2C7A3BA63BE3}.Debug|x64.ActiveCfg = Debug|x64
		{2FF6592A-3448-4A17-AB56-2C7A3BA63BE3}.Debug|x64.Build.0 = Debug|x64
		{2FF6592A-3448-4A17-AB56-2C7A3BA63BE3}.Debug|x86.ActiveCfg = Debug|Win32
		{2FF6592A-3448-4A17-AB56-2C7A3BA63BE3}.Debug|x86.Build.0 = Debug|Win32
		{2FF6592A-3448-4A17-AB56-2C7A3BA63BE3}.Release|x64.ActiveCfg = Release|x64
		{2FF6592A-3448-4A17-AB56-2C7A3BA63BE3}.Release|x64.Build.0 = Release|x64
		{2FF6592A-3448-4A17-AB56-2C7A3BA63BE3}.Release|x86.ActiveCfg = Release|Win32
		{2FF6592A-3448-4A17-AB56-2C7A3BA63BE3}.Release|x86.Build.0 = Release|Win32
		{D03C047F-DF8F-40B0-AF01-F3223F5E6ECF}.Debug|x64.ActiveCfg = Debug|x64
		{D03C047F-DF8F-40B0-AF01-F3223F5E6ECF}.Debug|x64.Build.0 = Debug|x64
		{D03C047F-DF8F-40B0-AF01-F3223F5E6ECF}.Debug|x86.ActiveCfg = Debug|Win32
		{D03C047F-DF8F-40B0-AF01-F3223F5E6ECF}.Debug|x86.Build.0 = Debug|Win32
		{D03C047F-DF8F-40B0-AF01-F3223F5E6ECF}.Release|x64.ActiveCfg = Release|x64
		{D03C047F-DF8F-40B0-AF01-F3223F5E6ECF}.Release|x64.Build.0 = Release|x64
		{D03C047F-DF8F-40B0-AF01-F3223F5E6ECF}.Release|x86.ActiveCfg = Release|Win32
		{D03C047F-DF8F-40B0-AF01-F3223F5E6ECF}.Release|x86.Build.0 = Release|Win32
		{EAF7D73E-B332-4222-B02E-B8C74A84F21F}.Debug|x64.ActiveCfg = Debug|x64
		{EAF7D73E-B332-4222-B02E-B8C74A84F21F}.Debug|x64.Build.0 = Debug|x64
		{EAF7D73E-B332-4222-B02E-B8C74A84F21F}.Debug|x86.ActiveCfg = Debug|Win32
		{EAF7D73E-B332-4222-B02E-B8C74A84F21F}.Debug|x86.Build.0 = Debug|Win32
		{EAF7D73E-B332-4222-B02E-B8C74A84F21F}.Release|x64.ActiveCfg = Release|x64
		{EAF7D73E-B332-4222-B02E-B8C74A84F21F}.Release|x64.Build.0 = Release|x64
		{EAF7D73E-B332-4222-B02E-B8C74A84F21F}.Release|x86.ActiveCfg = Release|Win32
		{EAF7D73E-B332-4222-B02E-B8C74A84F21F}.Release|x86.Build.0 = Release|Win32
		{F2A1C472-E2C5-4713-909E-609A407556E7}.Debug|x64.ActiveCfg = Debug|x64
		{F2A1C472-E2C5-4713-909E-609A407556E7}.Debug|x64.Build.0 = Debug|x64
		{F2A1C472-E2C5-4713-909E-609A407556E7}.Debug|x86.ActiveCfg = Debug|Win32
		{F2A1C472-E2C5-4713-909E-609A407556E7}.Debug|x86.Build.0 = Debug|Win32
		{F2A1C472-E2C5-4713-909E-609A407556E7}.Release|x64.ActiveCfg = Release|x64
		{F2A1C472-E2C5-4713-909E-609A407556E7}.Release|x64.Build.0 = Release|x64
		{F2A1C472-E2C5-4713-909E-609A407556E7}.Release|x86.ActiveCfg = Release|Win32
		{F2A1C472-E2C5-4713-909E-609A407556E7}.Release|x86.Build.0 = Release|Win32
		{B844A683-ED01-482A-8D88-BA5D0A45B1C7}.Debug|x64.ActiveCfg = Debug|x64
		{B844A683-ED01-482A-8D88-BA5D0A45B1C7}.Debug|x64.Build.0 = Debug|x64
		{B844A683-ED01-482A-8D88-BA5D0A45B1C7}.Debug|x86.ActiveCfg = Debug|Win32
		{B844A683-ED01-482A-8D88-BA5D0A45B1C7}.Debug|x86.Build.0 = Debug|Win32
		{B844A683-ED01-482A-8D88-BA5D0A45B1C7}.Release|x64.ActiveCfg = Release|x64
		{B844A683-ED01-482A-8D88-BA5D0A45B1C7}.Release|x64.Build.0 = Release|x64
		{B844A683-ED01-482A-8D88-BA5D0A45B1C7}.Release|x86.ActiveCfg = Release|Win32
		{B844A683-ED01-482A-8D88-BA5D0A45B1C7}.Release|x86.Build.0 = Release|Win32
		{86D69983-E907-4EED-B9B6-649A1CC541A2}.Debug|x64.ActiveCfg = Debug|x64
		{86D69983-E907-4EED-B9B6-649A1CC541A2}.Debug|x64.Build.0 = Debug|x64
		{86D69983-E907-4EED-B9B6-649A1CC541A2}.Debug|x86.ActiveCfg = Debug|Win32
		{86D69983-E907-4EED-B9B6-649A1CC541A2}.Debug|x86.Build.0 = Debug|Win32
		{86D69983-E907-4EED-B9B6-649A1CC541A2}.Release|x64.ActiveCfg = Release|x64
		{86D69983-E907-4EED-B9B6-649A1CC541A2}.Release|x64.Build.0 = Release|x64
		{86D69983-E907-4EED-B9B6-649A1CC541A2}.Release|x86.ActiveCfg = Release|Win32
		{86D69983-E907-4EED-B9B6-649A1CC541A2}.Release|x86.Build.0 = Release|Win32
		{D4C0957F-8F8B-4119-B0F5-7E5DB2A3192E}.Debug|x64.ActiveCfg = Debug|x64
		{D4C0957F-8F8B-4119-B0F5-7E5DB2A3192E}.Debug|x64.Build.0 = Debug|x64
		{D4C0957F-8F8B-4119-B0F5-7E5DB2A3192E}.Debug|x86.ActiveCfg = Debug|Win32
		{D4C0957F-8F8B-4119-B0F5-7E5DB2A3192E}.Debug|x86.Build.0 = Debug|Win32
		{D4C0957F-8F8B-4119-B0F5-7E5DB2A3192E}.Release|x64.ActiveCfg = Release|x64
		{D4C0957F-8F8B-4119-B0F5-7E5DB2A3192E}.Release|x64.Build.0 = Release|x64
		{D4C0957F-8F8B-4119-B0F5-7E5DB2A3192E}.Release|x86.ActiveCfg = Release|Win32
		{D4C0957F-8F8B-4119-B0F5-7E5DB2A3192E}.Release|x86.Build.0 = Release|Win32
		{97DD0CF7-3817-4328-8F11-F21A007A2F5F}.Debug|x64.ActiveCfg = Debug|x64
		{97DD0CF7-3817-4328-8F11-F21A007A2F5F}.Debug|x64.Build.0 = Debug|x64
		{97DD0CF7-3817-4328-8F11-F21A007A2F5F}.Debug|x86.ActiveCfg = Debug|Win32
		{97DD0CF7-3817-4328-8F11-F21A007A2F5F}.Debug|x86.Build.0 = Debug|Win32
		{97DD0CF7-3817-4328-8F11-F21A007A2F5F}.Release|x64.ActiveCfg = Release|x64
		{97DD0CF7-3817-4328-8F11-F21A007A2F5F}.Release|x64.Build.0 = Release|x64
		{97DD0CF7-3817-4328-8F11-F21A007A2F5F}.Release|x86.ActiveCfg = Release|Win32
		{97DD0CF7-3817-4328-8F11-F21A007A2F5F}.Release|x86.Build.0 = Release|Win32
		{0B20C02D-5D05-484F-94FA-776130F97FC2}.Debug|x64.ActiveCfg = Debug|x64
		{0B20C02D-5D05-484F-94FA-776130F97FC2}.Debug|x64.Build.0 = Debug|x64
		{0B20C02D-5D05-484F-94FA-776130F97FC2}.Debug|x86.ActiveCfg = Debug|Win32
		{0B20C02D-5D05-484F-94FA-776130F97FC2}.Debug|x86.Build.0 = Debug|Win32
		{0B20C02D-5D05-484F-94FA-776130F97FC2}.Release|x64.ActiveCfg = Release|x64
		{0B20C02D-5D05-484F-94FA-776130F97FC2}.Release|x64.Build.0 = Release|x64
		{0B20C02D-5D05-484F-94FA-776130F97FC2}.Release|x86.ActiveCfg = Release|Win32
		{0B20C02D-5D05-484F-94FA-776130F97FC2}.Release|x86.Build.0 = Release|Win32
		{DC8EB588-C6E5-443D-9B3B-EE79C6860560}.Debug|x64.ActiveCfg = Debug|x64
		{DC8EB588-C6E5-443D-9B3B-EE79C6860560}.Debug|x64.Build.0 = Debug|x64
		{DC8EB588-C6E5-443D-9B3B-EE79C6860560}.Debug|x86.ActiveCfg = Debug|Win32
		{DC8EB588-C6E5-443D-9B3B-EE79C6860560}.Debug|x86.Build.0 = Debug|Win32
		{DC8EB588-C6E5-443D-9B3B-EE79C6860560}.Release|x64.ActiveCfg = Release|x64
		{DC8EB588-C6E5-443D-9B3B-EE79C6860560}.Release|x64.Build.0 = Release|x64
		{DC8EB588-C6E5-443D-9B3B-EE79C6860560}.Release|x86.ActiveCfg = Release|Win32
		{DC8EB588-C6E5-443D-9B3B-EE79C6860560}.Release|x86.Build.0 = Release|Win32
		{9824E0AA-88D7-4F1F-AF3D-056767489256}.Debug|x64.ActiveCfg = Debug|x64
		{9824E0AA-88D7-4F1F-AF3D-056767489256}.Debug|x64.Build.0 = Debug|x64
		{9824E0AA-88D7-4F1F-AF3D-056767489256}.Debug|x86.ActiveCfg = Debug|Win32
		{9824E0AA-88D7-4F1F-AF3D-056767489256}.Debug|x86.Build.0 = Debug|Win32
		{9824E0AA-88D7-4F1F-AF3D-056767489256}.Release|x64.ActiveCfg = Release|x64
		{9824E0AA-88D7-4F1F-AF3D-056767489256}.Release|x64.Build.0 = Release|x64
		{9824E0AA-88D7-4F1F-AF3D-056767489256}.Release|x86.ActiveCfg = Release|Win32
		{9824E0AA-88D7-4F1F-AF3D-056767489256}.Release|x86.Build.0 = Release|Win32
		{86C5DB54-5E62-452A-A26D-FEF2721B8321}.Debug|x64.ActiveCfg = Debug|x64
		{86C5DB54-5E62-452A-A26D-FEF2721B8321}.Debug|x64.Build.0 = Debug|x64
		{86C5DB54-5E62-452A-A26D-FEF2721B8321}.Debug|x86.ActiveCfg = Debug|Win32
		{86C5DB54-5E62-452A-A26D-FEF2721B8321}.Debug|x86.Build.0 = Debug|Win32
		{86C5DB54-5E62-452A-A26D-FEF2721B8321}.Release|x64.ActiveCfg = Release|x64
		{86C5DB54-5E62-452A-A26D-FEF2721B8321}.Release|x64.Build.0 = Release|x64
		{86C5DB54-5E62-452A-A26D-FEF2721B8321}.Release|x86.ActiveCfg = Release|Win32
		{86C5DB54-5E62-452A-A26D-FEF2721B8321}.Release|x86.Build.0 = Release|Win32
		{3BD77FEE-1A45-43DE-B25B-12DFE18F96B2}.Debug|x64.ActiveCfg = Debug|x64
		{3BD77FEE-1A45-43DE-B25B-12DFE18F96B2}.Debug|x64.Build.0 = Debug|x64
		{3BD77FEE-1A45-43DE-B25B-12DFE18F96B2}.Debug|x86.ActiveCfg = Debug|Win32
		{3BD77FEE-1A45-43DE-B25B-12DFE18F96B2}.Debug|x86.Build.0 = Debug|Win32
		{3BD77FEE-1A45-43DE-B25B-12DFE18F96B2}.Release|x64.ActiveCfg = Release|x64
		{3BD77FEE-1A45-43DE-B25B-12DFE18F96B2}.Release|x64.Build.0 = Release|x64
		{3BD77FEE-1A45-43DE-B25B-12DFE18F96B2}.Release|x86.ActiveCfg = Release|Win32
		{3BD77FEE-1A45-43DE-B25B-12DFE18F96B2}.Release|x86.Build.0 = Release|Win32
		{564E47AA-4690-4164-B9F4-4268EF25FE9C}.Debug|x64.ActiveCfg = Debug|x64
		{564E47AA-4690-4164-B9F4-4268EF25FE9C}.Debug|x64.Build.0 = Debug|x64
		{564E47AA-4690-4164-B9F4-4268EF25FE9C}.Debug|x86.ActiveCfg = Debug|Win32
		{564E47AA-4690-4164-B9F4-4268EF25FE9C}.Debug|x86.Build.0 = Debug|Win32
		{564E47AA-4690-4164-B9F4-4268EF25FE9C}.Release|x64.ActiveCfg = Release|x64
		{564E47AA-4690-4164-B9F4-4268EF25FE9C}.Release|x64.Build.0 = Release|x64
		{564E47AA-4690-4164-B9F4-4268EF25FE9C}.Release|x86.ActiveCfg = Release|Win32
		{564E47AA-4690-4164-B9F4-4268EF25FE9C}.Release|x86.Build.0 = Release|Win32
		{752453AD-D895-420B-98CF-1118B8F35219}.Debug|x64.ActiveCfg = Debug|x64
		{752453AD-D895-420B-98CF-1118B8F35219}.Debug|x64.Build.0 = Debug|x64
		{752453AD-D895-420B-98CF-1118B8F35219}.Debug|x86.ActiveCfg = Debug|Win32
		{752453AD-D895-420B-98CF-1118B8F35219}.Debug|x86.Build.0 = Debug|Win32
		{752453AD-D895-420B-98CF-1118B8F35219}.Release|x64.ActiveCfg = Release|x64
		{752453AD-D895-420B-98CF-1118B8F35219}.Release|x64.Build.0 = Release|x64
		{752453AD-D895-420B-98CF-1118B8F35219}.Release|x86.ActiveCfg = Release|Win32
		{752453AD-D895-420B-98CF-1118B8F35219}.Release|x86.Build.0 = Release|Win32
		{975EDC8D-88EB-438B-83D0-E3A4F5ECA68A}.Debug|x64.ActiveCfg = Debug|x64
		{975EDC8D-88EB-438B-83D0-E3A4F5ECA68A}.Debug|x64.Build.0 = Debug|x64
		{975EDC8D-88EB-438B-83D0-E3A4F5ECA68A}.Debug|x86.ActiveCfg = Debug|Win32
		{975EDC8D-88EB-438B-83D0-E3A4F5ECA68A}.Debug|x86.Build.0 = Debug|Win32
		{975EDC8D-88EB-438B-83D0-E3A4F5ECA68A}.Release|x64.ActiveCfg = Release|x64
		{975EDC8D-88EB-438B-83D0-E3A4F5ECA68A}.Release|x64.Build.0 = Release|x64
		{975EDC8D-88EB-438B-83D0-E3A4F5ECA68A}.Release|x86.ActiveCfg = Release|Win32
		{975EDC8D-88EB-438B-83D0-E3A4F5ECA68A}.Release|x86.Build.0 = Release|Win32
		{EE404D34-82AE-4DC3-BDBA-B063CA475E73}.Debug|x64.ActiveCfg = Debug|x64
		{EE404D34-82AE-4DC3-BDBA-B063CA475E73}.Debug|x64.Build.0 = Debug|x64
		{EE404D34-82AE-4DC3-BDBA-B063CA475E73}.Debug|x86.ActiveCfg = Debug|Win32
		{EE404D34-82AE-4DC3-BDBA-B063CA475E73}.Debug|x86.Build.0 = Debug|Win32
		{EE404D34-82AE-4DC3-BDBA-B063CA475E73}.Release|x64.ActiveCfg = Release|x64
		{EE404D34-82AE-4DC3-BDBA-B063CA475E73}.Release|x64.Build.0 = Release|x64
		{EE404D34-82AE-4DC3-BDBA-B063CA475E73}.Release|x86.ActiveCfg = Release|Win32
		{EE404D34-82AE-4DC3-BDBA-B063CA475E73}.Release|x86.Build.0 = Release|Win32
		{255A9025-1587-4AD4-BC26-09D5989083E3}.Debug|x64.ActiveCfg = Debug|x64
		{255A9025-1587-4AD4-BC26-09D5989083E3}.Debug|x64.Build.0 = Debug|x64
		{255A9025-1587-4AD4-BC26-09D5989083E3}.Debug|x86.ActiveCfg = Debug|Win32
		{255A9025-1587-4AD4-BC26-09D5989083E3}.Debug|x86.Build.0 = Debug|Win32
		{255A9025-1587-4AD4-BC26-09D5989083E3}.Release|x64.ActiveCfg = Release|x64
		{255A9025-1587-4AD4-BC26-09D5989083E3}.Release|x64.Build.0 = Release|x64
		{255A9025-1587-4AD4-BC26-09D5989083E3}.Release|x86.ActiveCfg = Release|Win32
		{255A9025-1587-4AD4-BC26-09D5989083E3}.Release|x86.Build.0 = Release|Win32
		{80449DFA-4000-4DD7-A981-467D31D7D2DB}.Debug|x64.ActiveCfg = Debug|x64
		{80449DFA-4000-4DD7-A981-467D31D7D2DB}.Debug|x64.Build.0 = Debug|x64
		{80449DFA-4000-4DD7-A981-467D31D7D2DB}.Debug|x86.ActiveCfg = Debug|Win32
		{80449DFA-4000-4DD7-A981-467D31D7D2DB}.Debug|x86.Build.0 = Debug|Win32
		{80449DFA-4000-4DD7-A981-467D31D7D2DB}.Release|x64.ActiveCfg = Release|x64
		{80449DFA-4000-4DD7-A981-467D31D7D2DB}.Release|x64.Build.0 = Release|x64
		{80449DFA-4000-4DD7-A981-467D31D7D2DB}.Release|x86.ActiveCfg = Release|Win32
		{80449DFA-4000-4DD7-A981-467D31D7D2DB}.Release|x86.Build.0 = Release|Win32
		{9314D071-38B6-40A5-84C4-146F71A368A5}.Debug|x64.ActiveCfg = Debug|x64
		{9314D071-38B6-40A5-84C4-146F71A368A5}.Debug|x64.Build.0 = Debug|x64
		{9314D071-38B6-40A5-84C4-146F71A368A5}.Debug|x86.ActiveCfg = Debug|Win32
		{9314D071-38B6-40A5-84C4-146F71A368A5}.Debug|x86.Build.0 = Debug|Win32
		{9314D071-38B6-40A5-84C4-146F71A368A5}.Release|x64.ActiveCfg = Release|x64
		{9314D071-38B6-40A5-84C4-146F71A368A5}.Release|x64.Build.0 = Release|x64
		{9314D071-38B6-40A5-84C4-146F71A368A5}.Release|x86.ActiveCfg = Release|Win32
		{9314D071-38B6-40A5-84C4-146F71A368A5}.Release|x86.Build.0 = Release|Win32
		{B6B58489-1A28-4DD9-B070-38DBF112C7DA}.Debug|x64.ActiveCfg = Debug|x64
		{B6B58489-1A28-4DD9-B070-38DBF112C7DA}.Debug|x64.Build.0 = Debug|x64
		{B6B58489-1A28-4DD9-B070-38DBF112C7DA}.Debug|x86.ActiveCfg = Debug|Win32
		{B6B58489-1A28-4DD9-B070-38DBF112C7DA}.Debug|x86.Build.0 = Debug|Win32
		{B6B58489-1A28-4DD9-B070-38DBF112C7DA}.Release|x64.ActiveCfg = Release|x64
		{B6B58489-1A28-4DD9-B070-38DBF112C7DA}.Release|x64.Build.0 = Release|x64
		{B6B58489-1A28-4DD9-B070-38DBF112C7DA}.Release|x86.ActiveCfg = Release|Win32
		{B6B58489-1A28-4DD9-B070-38DBF112C7DA}.Release|x86.Build.0 = Release|Win32
		{6695B037-1585-4567-B349-21988A5F1182}.Debug|x64.ActiveCfg = Debug|x64
		{6695B037-1585-4567-B349-21988A5F1182}.Debug|x64.Build.0 = Debug|x64
		{6695B037-1585-4567-B349-21988A5F1182}.Debug|x86.ActiveCfg = Debug|Win32
		{6695B037-1585-4567-B349-21988A5F1182}.Debug|x86.Build.0 = Debug|Win32
		{6695B037-1585-4567-B349-21988A5F1182}.Release|x64.ActiveCfg = Release|x64
		{6695B037-1585-4567-B349-21988A5F1182}.Release|x64.Build.0 = Release|x64
		{6695B037-1585-4567-B349-21988A5F1182}.Release|x86.ActiveCfg = Release|Win32
		{6695B037-1585-4567-B349-21988A5F1182}.Release|x86.Build.0 = Release|Win32
	EndGlobalSection
	GlobalSection(SolutionProperties) = preSolution
		HideSolutionNode = FALSE
	EndGlobalSection
	GlobalSection(NestedProjects) = preSolution
		{6E72FD8E-75CB-4296-B921-B223DA0C399C} = {776340E9-C719-4B60-BB27-80613E206D20}
		{F2A3B05B-8E3E-4218-9557-17B88C15F776} = {776340E9-C719-4B60-BB27-80613E206D20}
		{68704062-4A6C-4474-B4ED-85421FE2E7DA} = {776340E9-C719-4B60-BB27-80613E206D20}
		{E84B4700-5FDE-44CC-90BF-35E96E509BC6} = {776340E9-C719-4B60-BB27-80613E206D20}
		{95714BEE-E9C6-42EE-8E87-EE9FF91EFA53} = {776340E9-C719-4B60-BB27-80613E206D20}
		{B45BAA84-963D-4D4F-A98F-EA5D3D1D4328} = {776340E9-C719-4B60-BB27-80613E206D20}
		{EBE31875-1866-4EF2-9313-193626437A12} = {776340E9-C719-4B60-BB27-80613E206D20}
		{DED5F211-B299-455C-8EC6-DEEE24D4FDFC} = {776340E9-C719-4B60-BB27-80613E206D20}
		{3AE44BBD-987C-405D-A982-CCF30B8D00BB} = {776340E9-C719-4B60-BB27-80613E206D20}
		{239C16E2-D4DB-4EE2-BE74-CAFCBCB039FC} = {776340E9-C719-4B60-BB27-80613E206D20}
		{AE984297-F95E-47BD-AC89-A85118A1C6C1} = {776340E9-C719-4B60-BB27-80613E206D20}
		{AD1F0CD0-8E61-4461-8AFD-11B96F7CFE0B} = {776340E9-C719-4B60-BB27-80613E206D20}
		{B2EE1DEB-A617-4F7E-9EA7-A6D2797EA52C} = {776340E9-C719-4B60-BB27-80613E206D20}
		{502BF4FE-F610-4671-A1B4-99719B6D9F7F} = {776340E9-C719-4B60-BB27-80613E206D20}
		{E8E82CF7-F492-41BC-A666-6471F97512CF} = {776340E9-C719-4B60-BB27-80613E206D20}
		{DBAE1526-A35A-4381-9FA7-69FB5F672933} = {776340E9-C719-4B60-BB27-80613E206D20}
		{06010C9C-9EE9-46E6-AF4E-43FD9197C16F} = {776340E9-C719-4B60-BB27-80613E206D20}
		{45D6EBCC-AA10-48ED-AF5F-566CEFD1030D} = {776340E9-C719-4B60-BB27-80613E206D20}
		{48DD5569-06D8-4279-9757-602C5CEEF66B} = {776340E9-C719-4B60-BB27-80613E206D20}
		{EC2FC250-5797-4C1C-A18B-38185CD10514} = {776340E9-C719-4B60-BB27-80613E206D20}
		{770C2BA0-1051-42C9-B171-17A2A7BCCA5B} = {776340E9-C719-4B60-BB27-80613E206D20}
		{7D908047-32DB-4614-BBF2-73E366CCB7A4} = {776340E9-C719-4B60-BB27-80613E206D20}
		{7B36C6B6-5D0A-40A8-A63B-2093ED815341} = {776340E9-C719-4B60-BB27-80613E206D20}
		{965A3181-44BA-4B6D-A6B4-B4D0FCEA23C0} = {03F1957A-5358-4DE0-A56F-EB0DD11D3540}
		{14BBD600-520B-4D54-9CF0-398876D8D3D0} = {03F1957A-5358-4DE0-A56F-EB0DD11D3540}
		{8EA15F01-0517-411B-854A-375742340948} = {03F1957A-5358-4DE0-A56F-EB0DD11D3540}
		{F0E958AE-EF58-44C3-9A55-586EBCD62382} = {03F1957A-5358-4DE0-A56F-EB0DD11D3540}
		{89D16E47-9D0C-41A2-B342-10E7AA1CA705} = {03F1957A-5358-4DE0-A56F-EB0DD11D3540}
		{50C4CC9B-F8F0-46CF-AD00-7FB4792B20D1} = {03F1957A-5358-4DE0-A56F-EB0DD11D3540}
		{2FF6592A-3448-4A17-AB56-2C7A3BA63BE3} = {03F1957A-5358-4DE0-A56F-EB0DD11D3540}
		{D03C047F-DF8F-40B0-AF01-F3223F5E6ECF} = {03F1957A-5358-4DE0-A56F-EB0DD11D3540}
		{EAF7D73E-B332-4222-B02E-B8C74A84F21F} = {03F1957A-5358-4DE0-A56F-EB0DD11D3540}
		{F2A1C472-E2C5-4713-909E-609A407556E7} = {03F1957A-5358-4DE0-A56F-EB0DD11D3540}
		{B844A683-ED01-482A-8D88-BA5D0A45B1C7} = {03F1957A-5358-4DE0-A56F-EB0DD11D3540}
		{86D69983-E907-4EED-B9B6-649A1CC541A2} = {03F1957A-5358-4DE0-A56F-EB0DD11D3540}
		{D4C0957F-8F8B-4119-B0F5-7E5DB2A3192E} = {03F1957A-5358-4DE0-A56F-EB0DD11D3540}
		{97DD0CF7-3817-4328-8F11-F21A007A2F5F} = {03F1957A-5358-4DE0-A56F-EB0DD11D3540}
		{0B20C02D-5D05-484F-94FA-776130F97FC2} = {03F1957A-5358-4DE0-A56F-EB0DD11D3540}
		{DC8EB588-C6E5-443D-9B3B-EE79C6860560} = {03F1957A-5358-4DE0-A56F-EB0DD11D3540}
		{9824E0AA-88D7-4F1F-AF3D-056767489256} = {03F1957A-5358-4DE0-A56F-EB0DD11D3540}
		{86C5DB54-5E62-452A-A26D-FEF2721B8321} = {03F1957A-5358-4DE0-A56F-EB0DD11D3540}
		{3BD77FEE-1A45-43DE-B25B-12DFE18F96B2} = {03F1957A-5358-4DE0-A56F-EB0DD11D3540}
		{564E47AA-4690-4164-B9F4-4268EF25FE9C} = {03F1957A-5358-4DE0-A56F-EB0DD11D3540}
		{752453AD-D895-420B-98CF-1118B8F35219} = {03F1957A-5358-4DE0-A56F-EB0DD11D3540}
		{975EDC8D-88EB-438B-83D0-E3A4F5ECA68A} = {03F1957A-5358-4DE0-A56F-EB0DD11D3540}
		{EE404D34-82AE-4DC3-BDBA-B063CA475E73} = {03F1957A-5358-4DE0-A56F-EB0DD11D3540}
		{255A9025-1587-4AD4-BC26-09D5989083E3} = {03F1957A-5358-4DE0-A56F-EB0DD11D3540}
		{80449DFA-4000-4DD7-A981-467D31D7D2DB} = {03F1957A-5358-4DE0-A56F-EB0DD11D3540}
		{9314D071-38B6-40A5-84C4-146F71A368A5} = {03F1957A-5358-4DE0-A56F-EB0DD11D3540}
		{B6B58489-1A28-4DD9-B070-38DBF112C7DA} = {95E48B0F-A4EB-4463-8437-4137C7F6BA84}
		{6695B037-1585-4567-B349-21988A5F1182} = {03F1957A-5358-4DE0-A56F-EB0DD11D3540}
	EndGlobalSection
	GlobalSection(ExtensibilityGlobals) = postSolution
		SolutionGuid = {40217B6C-1B1F-4883-8669-B59E7D62CB06}
	EndGlobalSection
EndGlobal
